Microsoft Visual Studio Solution File, Format Version 12.00
# Visual Studio Version 17
VisualStudioVersion = 17.5.2.0
MinimumVisualStudioVersion = 10.0.40219.1
Project("{FAE04EC0-301F-11D3-BF4B-00C04F79EFBC}") = "WindBoard", "WindBoard.csproj", "{47D8A8AC-BD94-434A-C6D0-64E600FB2646}"
EndProject
Global
	GlobalSection(SolutionConfigurationPlatforms) = preSolution
		Debug|Any CPU = Debug|Any CPU
		Release|Any CPU = Release|Any CPU
	EndGlobalSection
	GlobalSection(ProjectConfigurationPlatforms) = postSolution
		{47D8A8AC-BD94-434A-C6D0-64E600FB2646}.Debug|Any CPU.ActiveCfg = Debug|Any CPU
		{47D8A8AC-BD94-434A-C6D0-64E600FB2646}.Debug|Any CPU.Build.0 = Debug|Any CPU
		{47D8A8AC-BD94-434A-C6D0-64E600FB2646}.Release|Any CPU.ActiveCfg = Release|Any CPU
		{47D8A8AC-BD94-434A-C6D0-64E600FB2646}.Release|Any CPU.Build.0 = Release|Any CPU
	EndGlobalSection
	GlobalSection(SolutionProperties) = preSolution
		HideSolutionNode = FALSE
	EndGlobalSection
	GlobalSection(ExtensibilityGlobals) = postSolution
		SolutionGuid = {FBF37E6D-7399-4CC2-858D-B94A4CFE4FB3}
	EndGlobalSection
EndGlobal
